<?xml version="1.0" encoding="utf-8"?>
<Project ToolsVersion="4.0" xmlns="http://schemas.microsoft.com/developer/msbuild/2003">
  <ItemGroup>
    <Filter Include="Header Files">
      <UniqueIdentifier>{a7f789db-dbe1-4449-b021-6e8b38c656c5}</UniqueIdentifier>
      <Extensions>h;hpp;hxx;hm;inl</Extensions>
    </Filter>
    <Filter Include="Source Files">
      <UniqueIdentifier>{a60ecc58-48d6-47d4-9ab9-1d0982985b2d}</UniqueIdentifier>
      <Extensions>cpp;c;cxx;rc;def;r;odl;idl;hpj;bat</Extensions>
    </Filter>
  </ItemGroup>
  <ItemGroup>
    <ClCompile Include="..\bcm_src\AutoTestDeal.c">
      <Filter>Source Files</Filter>
    </ClCompile>
    <ClCompile Include="..\bcm_src\BT.c">
      <Filter>Source Files</Filter>
    </ClCompile>
    <ClCompile Include="..\bcm_src\buzzer.c">
      <Filter>Source Files</Filter>
    </ClCompile>
    <ClCompile Include="..\bcm_src\clock.c">
      <Filter>Source Files</Filter>
    </ClCompile>
    <ClCompile Include="..\bcm_src\com.c">
      <Filter>Source Files</Filter>
    </ClCompile>
    <ClCompile Include="..\bcm_src\config.c">
      <Filter>Source Files</Filter>
    </ClCompile>
    <ClCompile Include="..\bcm_src\GetTermInfo.c">
      <Filter>Source Files</Filter>
    </ClCompile>
    <ClCompile Include="..\bcm_src\gSensor.c">
      <Filter>Source Files</Filter>
    </ClCompile>
    <ClCompile Include="..\bcm_src\iccard.c">
      <Filter>Source Files</Filter>
    </ClCompile>
    <ClCompile Include="..\bcm_src\keyboard.c">
      <Filter>Source Files</Filter>
    </ClCompile>
    <ClCompile Include="..\bcm_src\lan.c">
      <Filter>Source Files</Filter>
    </ClCompile>
    <ClCompile Include="..\bcm_src\lcd.c">
      <Filter>Source Files</Filter>
    </ClCompile>
    <ClCompile Include="..\bcm_src\loop.c">
      <Filter>Source Files</Filter>
    </ClCompile>
    <ClCompile Include="..\bcm_src\magcard.c">
      <Filter>Source Files</Filter>
    </ClCompile>
    <ClCompile Include="..\bcm_src\memory.c">
      <Filter>Source Files</Filter>
    </ClCompile>
    <ClCompile Include="..\bcm_src\MKey.c">
      <Filter>Source Files</Filter>
    </ClCompile>
    <ClCompile Include="..\bcm_src\modem.c">
      <Filter>Source Files</Filter>
    </ClCompile>
    <ClCompile Include="..\bcm_src\other.c">
      <Filter>Source Files</Filter>
    </ClCompile>
    <ClCompile Include="..\bcm_src\porttest.c">
      <Filter>Source Files</Filter>
    </ClCompile>
    <ClCompile Include="..\bcm_src\printer.c">
      <Filter>Source Files</Filter>
    </ClCompile>
    <ClCompile Include="..\bcm_src\public.c">
      <Filter>Source Files</Filter>
    </ClCompile>
    <ClCompile Include="..\bcm_src\rfid.c">
      <Filter>Source Files</Filter>
    </ClCompile>
    <ClCompile Include="..\bcm_src\Scan.c">
      <Filter>Source Files</Filter>
    </ClCompile>
    <ClCompile Include="..\bcm_src\speech.c">
      <Filter>Source Files</Filter>
    </ClCompile>
    <ClCompile Include="..\bcm_src\Tel.c">
      <Filter>Source Files</Filter>
    </ClCompile>
    <ClCompile Include="..\bcm_src\Ts.c">
      <Filter>Source Files</Filter>
    </ClCompile>
    <ClCompile Include="..\bcm_src\uploadfile.c">
      <Filter>Source Files</Filter>
    </ClCompile>
    <ClCompile Include="..\bcm_src\usb.c">
      <Filter>Source Files</Filter>
    </ClCompile>
    <ClCompile Include="..\bcm_src\wifi.c">
      <Filter>Source Files</Filter>
    </ClCompile>
    <ClCompile Include="..\bcm_src\wnet.c">
      <Filter>Source Files</Filter>
    </ClCompile>
    <ClCompile Include="..\bcm_src\main.c">
      <Filter>Source Files</Filter>
    </ClCompile>
  </ItemGroup>
  <ItemGroup>
    <ClInclude Include="..\bcm_src\porttest.h">
      <Filter>Header Files</Filter>
    </ClInclude>
    <ClInclude Include="..\bcm_src\public.h">
      <Filter>Header Files</Filter>
    </ClInclude>
    <ClInclude Include="..\bcm_src\Sound.h">
      <Filter>Header Files</Filter>
    </ClInclude>
  </ItemGroup>
</Project>